// !$*UTF8*$!
{
	archiveVersion = 1;
	classes = {
	};
	objectVersion = 46;
	objects = {

/* Begin PBXBuildFile section */
		10D499031EDD24440072974F /* AppDelegate.swift in Sources */ = {isa = PBXBuildFile; fileRef = 10D499021EDD24440072974F /* AppDelegate.swift */; };
		10D499051EDD24440072974F /* ViewController.swift in Sources */ = {isa = PBXBuildFile; fileRef = 10D499041EDD24440072974F /* ViewController.swift */; };
		10D499081EDD24440072974F /* Main.storyboard in Resources */ = {isa = PBXBuildFile; fileRef = 10D499061EDD24440072974F /* Main.storyboard */; };
		10D4990A1EDD24440072974F /* Assets.xcassets in Resources */ = {isa = PBXBuildFile; fileRef = 10D499091EDD24440072974F /* Assets.xcassets */; };
		10D4990D1EDD24440072974F /* LaunchScreen.storyboard in Resources */ = {isa = PBXBuildFile; fileRef = 10D4990B1EDD24440072974F /* LaunchScreen.storyboard */; };
		10D499181EDD24450072974F /* Github_Test2Tests.swift in Sources */ = {isa = PBXBuildFile; fileRef = 10D499171EDD24450072974F /* Github_Test2Tests.swift */; };
		10D499231EDD24450072974F /* Github_Test2UITests.swift in Sources */ = {isa = PBXBuildFile; fileRef = 10D499221EDD24450072974F /* Github_Test2UITests.swift */; };
		10D499311EDD3A590072974F /* SecondViewController.swift in Sources */ = {isa = PBXBuildFile; fileRef = 10D499301EDD3A590072974F /* SecondViewController.swift */; };
/* End PBXBuildFile section */

/* Begin PBXContainerItemProxy section */
		10D499141EDD24450072974F /* PBXContainerItemProxy */ = {
			isa = PBXContainerItemProxy;
			containerPortal = 10D498F71EDD24440072974F /* Project object */;
			proxyType = 1;
			remoteGlobalIDString = 10D498FE1EDD24440072974F;
			remoteInfo = "Github Test2";
		};
		10D4991F1EDD24450072974F /* PBXContainerItemProxy */ = {
			isa = PBXContainerItemProxy;
			containerPortal = 10D498F71EDD24440072974F /* Project object */;
			proxyType = 1;
			remoteGlobalIDString = 10D498FE1EDD24440072974F;
			remoteInfo = "Github Test2";
		};
/* End PBXContainerItemProxy section */

/* Begin PBXFileReference section */
		10D498FF1EDD24440072974F /* Github Test2.app */ = {isa = PBXFileReference; explicitFileType = wrapper.application; includeInIndex = 0; path = "Github Test2.app"; sourceTree = BUILT_PRODUCTS_DIR; };
		10D499021EDD24440072974F /* AppDelegate.swift */ = {isa = PBXFileReference; lastKnownFileType = sourcecode.swift; path = AppDelegate.swift; sourceTree = "<group>"; };
		10D499041EDD24440072974F /* ViewController.swift */ = {isa = PBXFileReference; lastKnownFileType = sourcecode.swift; path = ViewController.swift; sourceTree = "<group>"; };
		10D499071EDD24440072974F /* Base */ = {isa = PBXFileReference; lastKnownFileType = file.storyboard; name = Base; path = Base.lproj/Main.storyboard; sourceTree = "<group>"; };
		10D499091EDD24440072974F /* Assets.xcassets */ = {isa = PBXFileReference; lastKnownFileType = folder.assetcatalog; path = Assets.xcassets; sourceTree = "<group>"; };
		10D4990C1EDD24440072974F /* Base */ = {isa = PBXFileReference; lastKnownFileType = file.storyboard; name = Base; path = Base.lproj/LaunchScreen.storyboard; sourceTree = "<group>"; };
		10D4990E1EDD24440072974F /* Info.plist */ = {isa = PBXFileReference; lastKnownFileType = text.plist.xml; path = Info.plist; sourceTree = "<group>"; };
		10D499131EDD24450072974F /* Github Test2Tests.xctest */ = {isa = PBXFileReference; explicitFileType = wrapper.cfbundle; includeInIndex = 0; path = "Github Test2Tests.xctest"; sourceTree = BUILT_PRODUCTS_DIR; };
		10D499171EDD24450072974F /* Github_Test2Tests.swift */ = {isa = PBXFileReference; lastKnownFileType = sourcecode.swift; path = Github_Test2Tests.swift; sourceTree = "<group>"; };
		10D499191EDD24450072974F /* Info.plist */ = {isa = PBXFileReference; lastKnownFileType = text.plist.xml; path = Info.plist; sourceTree = "<group>"; };
		10D4991E1EDD24450072974F /* Github Test2UITests.xctest */ = {isa = PBXFileReference; explicitFileType = wrapper.cfbundle; includeInIndex = 0; path = "Github Test2UITests.xctest"; sourceTree = BUILT_PRODUCTS_DIR; };
		10D499221EDD24450072974F /* Github_Test2UITests.swift */ = {isa = PBXFileReference; lastKnownFileType = sourcecode.swift; path = Github_Test2UITests.swift; sourceTree = "<group>"; };
		10D499241EDD24450072974F /* Info.plist */ = {isa = PBXFileReference; lastKnownFileType = text.plist.xml; path = Info.plist; sourceTree = "<group>"; };
		10D499301EDD3A590072974F /* SecondViewController.swift */ = {isa = PBXFileReference; fileEncoding = 4; lastKnownFileType = sourcecode.swift; path = SecondViewController.swift; sourceTree = "<group>"; };
/* End PBXFileReference section */

/* Begin PBXFrameworksBuildPhase section */
		10D498FC1EDD24440072974F /* Frameworks */ = {
			isa = PBXFrameworksBuildPhase;
			buildActionMask = 2147483647;
			files = (
			);
			runOnlyForDeploymentPostprocessing = 0;
		};
		10D499101EDD24450072974F /* Frameworks */ = {
			isa = PBXFrameworksBuildPhase;
			buildActionMask = 2147483647;
			files = (
			);
			runOnlyForDeploymentPostprocessing = 0;
		};
		10D4991B1EDD24450072974F /* Frameworks */ = {
			isa = PBXFrameworksBuildPhase;
			buildActionMask = 2147483647;
			files = (
			);
			runOnlyForDeploymentPostprocessing = 0;
		};
/* End PBXFrameworksBuildPhase section */

/* Begin PBXGroup section */
		10D498F61EDD24440072974F = {
			isa = PBXGroup;
			children = (
				10D499011EDD24440072974F /* Github Test2 */,
				10D499161EDD24450072974F /* Github Test2Tests */,
				10D499211EDD24450072974F /* Github Test2UITests */,
				10D499001EDD24440072974F /* Products */,
			);
			sourceTree = "<group>";
		};
		10D499001EDD24440072974F /* Products */ = {
			isa = PBXGroup;
			children = (
				10D498FF1EDD24440072974F /* Github Test2.app */,
				10D499131EDD24450072974F /* Github Test2Tests.xctest */,
				10D4991E1EDD24450072974F /* Github Test2UITests.xctest */,
			);
			name = Products;
			sourceTree = "<group>";
		};
		10D499011EDD24440072974F /* Github Test2 */ = {
			isa = PBXGroup;
			children = (
				10D499021EDD24440072974F /* AppDelegate.swift */,
				10D499041EDD24440072974F /* ViewController.swift */,
				10D499061EDD24440072974F /* Main.storyboard */,
				10D499091EDD24440072974F /* Assets.xcassets */,
				10D4990B1EDD24440072974F /* LaunchScreen.storyboard */,
				10D4990E1EDD24440072974F /* Info.plist */,
				10D499301EDD3A590072974F /* SecondViewController.swift */,
			);
			path = "Github Test2";
			sourceTree = "<group>";
		};
		10D499161EDD24450072974F /* Github Test2Tests */ = {
			isa = PBXGroup;
			children = (
				10D499171EDD24450072974F /* Github_Test2Tests.swift */,
				10D499191EDD24450072974F /* Info.plist */,
			);
			path = "Github Test2Tests";
			sourceTree = "<group>";
		};
		10D499211EDD24450072974F /* Github Test2UITests */ = {
			isa = PBXGroup;
			children = (
				10D499221EDD24450072974F /* Github_Test2UITests.swift */,
				10D499241EDD24450072974F /* Info.plist */,
			);
			path = "Github Test2UITests";
			sourceTree = "<group>";
		};
/* End PBXGroup section */

/* Begin PBXNativeTarget section */
		10D498FE1EDD24440072974F /* Github Test2 */ = {
			isa = PBXNativeTarget;
			buildConfigurationList = 10D499271EDD24450072974F /* Build configuration list for PBXNativeTarget "Github Test2" */;
			buildPhases = (
				10D498FB1EDD24440072974F /* Sources */,
				10D498FC1EDD24440072974F /* Frameworks */,
				10D498FD1EDD24440072974F /* Resources */,
			);
			buildRules = (
			);
			dependencies = (
			);
			name = "Github Test2";
			productName = "Github Test2";
			productReference = 10D498FF1EDD24440072974F /* Github Test2.app */;
			productType = "com.apple.product-type.application";
		};
		10D499121EDD24450072974F /* Github Test2Tests */ = {
			isa = PBXNativeTarget;
			buildConfigurationList = 10D4992A1EDD24450072974F /* Build configuration list for PBXNativeTarget "Github Test2Tests" */;
			buildPhases = (
				10D4990F1EDD24450072974F /* Sources */,
				10D499101EDD24450072974F /* Frameworks */,
				10D499111EDD24450072974F /* Resources */,
			);
			buildRules = (
			);
			dependencies = (
				10D499151EDD24450072974F /* PBXTargetDependency */,
			);
			name = "Github Test2Tests";
			productName = "Github Test2Tests";
			productReference = 10D499131EDD24450072974F /* Github Test2Tests.xctest */;
			productType = "com.apple.product-type.bundle.unit-test";
		};
		10D4991D1EDD24450072974F /* Github Test2UITests */ = {
			isa = PBXNativeTarget;
			buildConfigurationList = 10D4992D1EDD24450072974F /* Build configuration list for PBXNativeTarget "Github Test2UITests" */;
			buildPhases = (
				10D4991A1EDD24450072974F /* Sources */,
				10D4991B1EDD24450072974F /* Frameworks */,
				10D4991C1EDD24450072974F /* Resources */,
			);
			buildRules = (
			);
			dependencies = (
				10D499201EDD24450072974F /* PBXTargetDependency */,
			);
			name = "Github Test2UITests";
			productName = "Github Test2UITests";
			productReference = 10D4991E1EDD24450072974F /* Github Test2UITests.xctest */;
			productType = "com.apple.product-type.bundle.ui-testing";
		};
/* End PBXNativeTarget section */

/* Begin PBXProject section */
		10D498F71EDD24440072974F /* Project object */ = {
			isa = PBXProject;
			attributes = {
				LastSwiftUpdateCheck = 0830;
				LastUpgradeCheck = 0830;
				ORGANIZATIONNAME = Nexusbond;
				TargetAttributes = {
					10D498FE1EDD24440072974F = {
						CreatedOnToolsVersion = 8.3.2;
						ProvisioningStyle = Automatic;
					};
					10D499121EDD24450072974F = {
						CreatedOnToolsVersion = 8.3.2;
						ProvisioningStyle = Automatic;
						TestTargetID = 10D498FE1EDD24440072974F;
					};
					10D4991D1EDD24450072974F = {
						CreatedOnToolsVersion = 8.3.2;
						ProvisioningStyle = Automatic;
						TestTargetID = 10D498FE1EDD24440072974F;
					};
				};
			};
			buildConfigurationList = 10D498FA1EDD24440072974F /* Build configuration list for PBXProject "Github Test2" */;
			compatibilityVersion = "Xcode 3.2";
			developmentRegion = English;
			hasScannedForEncodings = 0;
			knownRegions = (
				en,
				Base,
			);
			mainGroup = 10D498F61EDD24440072974F;
			productRefGroup = 10D499001EDD24440072974F /* Products */;
			projectDirPath = "";
			projectRoot = "";
			targets = (
				10D498FE1EDD24440072974F /* Github Test2 */,
				10D499121EDD24450072974F /* Github Test2Tests */,
				10D4991D1EDD24450072974F /* Github Test2UITests */,
			);
		};
/* End PBXProject section */

/* Begin PBXResourcesBuildPhase section */
		10D498FD1EDD24440072974F /* Resources */ = {
			isa = PBXResourcesBuildPhase;
			buildActionMask = 2147483647;
			files = (
				10D4990D1EDD24440072974F /* LaunchScreen.storyboard in Resources */,
				10D4990A1EDD24440072974F /* Assets.xcassets in Resources */,
				10D499081EDD24440072974F /* Main.storyboard in Resources */,
			);
			runOnlyForDeploymentPostprocessing = 0;
		};
		10D499111EDD24450072974F /* Resources */ = {
			isa = PBXResourcesBuildPhase;
			buildActionMask = 2147483647;
			files = (
			);
			runOnlyForDeploymentPostprocessing = 0;
		};
		10D4991C1EDD24450072974F /* Resources */ = {
			isa = PBXResourcesBuildPhase;
			buildActionMask = 2147483647;
			files = (
			);
			runOnlyForDeploymentPostprocessing = 0;
		};
/* End PBXResourcesBuildPhase section */

/* Begin PBXSourcesBuildPhase section */
		10D498FB1EDD24440072974F /* Sources */ = {
			isa = PBXSourcesBuildPhase;
			buildActionMask = 2147483647;
			files = (
				10D499311EDD3A590072974F /* SecondViewController.swift in Sources */,
				10D499051EDD24440072974F /* ViewController.swift in Sources */,
				10D499031EDD24440072974F /* AppDelegate.swift in Sources */,
			);
			runOnlyForDeploymentPostprocessing = 0;
		};
		10D4990F1EDD24450072974F /* Sources */ = {
			isa = PBXSourcesBuildPhase;
			buildActionMask = 2147483647;
			files = (
				10D499181EDD24450072974F /* Github_Test2Tests.swift in Sources */,
			);
			runOnlyForDeploymentPostprocessing = 0;
		};
		10D4991A1EDD24450072974F /* Sources */ = {
			isa = PBXSourcesBuildPhase;
			buildActionMask = 2147483647;
			files = (
				10D499231EDD24450072974F /* Github_Test2UITests.swift in Sources */,
			);
			runOnlyForDeploymentPostprocessing = 0;
		};
/* End PBXSourcesBuildPhase section */

/* Begin PBXTargetDependency section */
		10D499151EDD24450072974F /* PBXTargetDependency */ = {
			isa = PBXTargetDependency;
			target = 10D498FE1EDD24440072974F /* Github Test2 */;
			targetProxy = 10D499141EDD24450072974F /* PBXContainerItemProxy */;
		};
		10D499201EDD24450072974F /* PBXTargetDependency */ = {
			isa = PBXTargetDependency;
			target = 10D498FE1EDD24440072974F /* Github Test2 */;
			targetProxy = 10D4991F1EDD24450072974F /* PBXContainerItemProxy */;
		};
/* End PBXTargetDependency section */

/* Begin PBXVariantGroup section */
		10D499061EDD24440072974F /* Main.storyboard */ = {
			isa = PBXVariantGroup;
			children = (
				10D499071EDD24440072974F /* Base */,
			);
			name = Main.storyboard;
			sourceTree = "<group>";
		};
		10D4990B1EDD24440072974F /* LaunchScreen.storyboard */ = {
			isa = PBXVariantGroup;
			children = (
				10D4990C1EDD24440072974F /* Base */,
			);
			name = LaunchScreen.storyboard;
			sourceTree = "<group>";
		};
/* End PBXVariantGroup section */

/* Begin XCBuildConfiguration section */
		10D499251EDD24450072974F /* Debug */ = {
			isa = XCBuildConfiguration;
			buildSettings = {
				ALWAYS_SEARCH_USER_PATHS = NO;
				CLANG_ANALYZER_NONNULL = YES;
				CLANG_ANALYZER_NUMBER_OBJECT_CONVERSION = YES_AGGRESSIVE;
				CLANG_CXX_LANGUAGE_STANDARD = "gnu++0x";
				CLANG_CXX_LIBRARY = "libc++";
				CLANG_ENABLE_MODULES = YES;
				CLANG_ENABLE_OBJC_ARC = YES;
				CLANG_WARN_BOOL_CONVERSION = YES;
				CLANG_WARN_CONSTANT_CONVERSION = YES;
				CLANG_WARN_DIRECT_OBJC_ISA_USAGE = YES_ERROR;
				CLANG_WARN_DOCUMENTATION_COMMENTS = YES;
				CLANG_WARN_EMPTY_BODY = YES;
				CLANG_WARN_ENUM_CONVERSION = YES;
				CLANG_WARN_INFINITE_RECURSION = YES;
				CLANG_WARN_INT_CONVERSION = YES;
				CLANG_WARN_OBJC_ROOT_CLASS = YES_ERROR;
				CLANG_WARN_SUSPICIOUS_MOVE = YES;
				CLANG_WARN_UNREACHABLE_CODE = YES;
				CLANG_WARN__DUPLICATE_METHOD_MATCH = YES;
				"CODE_SIGN_IDENTITY[sdk=iphoneos*]" = "iPhone Developer";
				COPY_PHASE_STRIP = NO;
				DEBUG_INFORMATION_FORMAT = dwarf;
				ENABLE_STRICT_OBJC_MSGSEND = YES;
				ENABLE_TESTABILITY = YES;
				GCC_C_LANGUAGE_STANDARD = gnu99;
				GCC_DYNAMIC_NO_PIC = NO;
				GCC_NO_COMMON_BLOCKS = YES;
				GCC_OPTIMIZATION_LEVEL = 0;
				GCC_PREPROCESSOR_DEFINITIONS = (
					"DEBUG=1",
					"$(inherited)",
				);
				GCC_WARN_64_TO_32_BIT_CONVERSION = YES;
				GCC_WARN_ABOUT_RETURN_TYPE = YES_ERROR;
				GCC_WARN_UNDECLARED_SELECTOR = YES;
				GCC_WARN_UNINITIALIZED_AUTOS = YES_AGGRESSIVE;
				GCC_WARN_UNUSED_FUNCTION = YES;
				GCC_WARN_UNUSED_VARIABLE = YES;
				IPHONEOS_DEPLOYMENT_TARGET = 10.3;
				MTL_ENABLE_DEBUG_INFO = YES;
				ONLY_ACTIVE_ARCH = YES;
				SDKROOT = iphoneos;
				SWIFT_ACTIVE_COMPILATION_CONDITIONS = DEBUG;
				SWIFT_OPTIMIZATION_LEVEL = "-Onone";
				TARGETED_DEVICE_FAMILY = "1,2";
			};
			name = Debug;
		};
		10D499261EDD24450072974F /* Release */ = {
			isa = XCBuildConfiguration;
			buildSettings = {
				ALWAYS_SEARCH_USER_PATHS = NO;
				CLANG_ANALYZER_NONNULL = YES;
				CLANG_ANALYZER_NUMBER_OBJECT_CONVERSION = YES_AGGRESSIVE;
				CLANG_CXX_LANGUAGE_STANDARD = "gnu++0x";
				CLANG_CXX_LIBRARY = "libc++";
				CLANG_ENABLE_MODULES = YES;
				CLANG_ENABLE_OBJC_ARC = YES;
				CLANG_WARN_BOOL_CONVERSION = YES;
				CLANG_WARN_CONSTANT_CONVERSION = YES;
				CLANG_WARN_DIRECT_OBJC_ISA_USAGE = YES_ERROR;
				CLANG_WARN_DOCUMENTATION_COMMENTS = YES;
				CLANG_WARN_EMPTY_BODY = YES;
				CLANG_WARN_ENUM_CONVERSION = YES;
				CLANG_WARN_INFINITE_RECURSION = YES;
				CLANG_WARN_INT_CONVERSION = YES;
				CLANG_WARN_OBJC_ROOT_CLASS = YES_ERROR;
				CLANG_WARN_SUSPICIOUS_MOVE = YES;
				CLANG_WARN_UNREACHABLE_CODE = YES;
				CLANG_WARN__DUPLICATE_METHOD_MATCH = YES;
				"CODE_SIGN_IDENTITY[sdk=iphoneos*]" = "iPhone Developer";
				COPY_PHASE_STRIP = NO;
				DEBUG_INFORMATION_FORMAT = "dwarf-with-dsym";
				ENABLE_NS_ASSERTIONS = NO;
				ENABLE_STRICT_OBJC_MSGSEND = YES;
				GCC_C_LANGUAGE_STANDARD = gnu99;
				GCC_NO_COMMON_BLOCKS = YES;
				GCC_WARN_64_TO_32_BIT_CONVERSION = YES;
				GCC_WARN_ABOUT_RETURN_TYPE = YES_ERROR;
				GCC_WARN_UNDECLARED_SELECTOR = YES;
				GCC_WARN_UNINITIALIZED_AUTOS = YES_AGGRESSIVE;
				GCC_WARN_UNUSED_FUNCTION = YES;
				GCC_WARN_UNUSED_VARIABLE = YES;
				IPHONEOS_DEPLOYMENT_TARGET = 10.3;
				MTL_ENABLE_DEBUG_INFO = NO;
				SDKROOT = iphoneos;
				SWIFT_OPTIMIZATION_LEVEL = "-Owholemodule";
				TARGETED_DEVICE_FAMILY = "1,2";
				VALIDATE_PRODUCT = YES;
			};
			name = Release;
		};
		10D499281EDD24450072974F /* Debug */ = {
			isa = XCBuildConfiguration;
			buildSettings = {
				ASSETCATALOG_COMPILER_APPICON_NAME = AppIcon;
				INFOPLIST_FILE = "Github Test2/Info.plist";
				LD_RUNPATH_SEARCH_PATHS = "$(inherited) @executable_path/Frameworks";
				PRODUCT_BUNDLE_IDENTIFIER = "travel.Github-Test2";
				PRODUCT_NAME = "$(TARGET_NAME)";
				SWIFT_VERSION = 3.0;
			};
			name = Debug;
		};
		10D499291EDD24450072974F /* Release */ = {
			isa = XCBuildConfiguration;
			buildSettings = {
				ASSETCATALOG_COMPILER_APPICON_NAME = AppIcon;
				INFOPLIST_FILE = "Github Test2/Info.plist";
				LD_RUNPATH_SEARCH_PATHS = "$(inherited) @executable_path/Frameworks";
				PRODUCT_BUNDLE_IDENTIFIER = "travel.Github-Test2";
				PRODUCT_NAME = "$(TARGET_NAME)";
				SWIFT_VERSION = 3.0;
			};
			name = Release;
		};
		10D4992B1EDD24450072974F /* Debug */ = {
			isa = XCBuildConfiguration;
			buildSettings = {
				ALWAYS_EMBED_SWIFT_STANDARD_LIBRARIES = YES;
				BUNDLE_LOADER = "$(TEST_HOST)";
				INFOPLIST_FILE = "Github Test2Tests/Info.plist";
				LD_RUNPATH_SEARCH_PATHS = "$(inherited) @executable_path/Frameworks @loader_path/Frameworks";
				PRODUCT_BUNDLE_IDENTIFIER = "travel.Github-Test2Tests";
				PRODUCT_NAME = "$(TARGET_NAME)";
				SWIFT_VERSION = 3.0;
				TEST_HOST = "$(BUILT_PRODUCTS_DIR)/Github Test2.app/Github Test2";
			};
			name = Debug;
		};
		10D4992C1EDD24450072974F /* Release */ = {
			isa = XCBuildConfiguration;
			buildSettings = {
				ALWAYS_EMBED_SWIFT_STANDARD_LIBRARIES = YES;
				BUNDLE_LOADER = "$(TEST_HOST)";
				INFOPLIST_FILE = "Github Test2Tests/Info.plist";
				LD_RUNPATH_SEARCH_PATHS = "$(inherited) @executable_path/Frameworks @loader_path/Frameworks";
				PRODUCT_BUNDLE_IDENTIFIER = "travel.Github-Test2Tests";
				PRODUCT_NAME = "$(TARGET_NAME)";
				SWIFT_VERSION = 3.0;
				TEST_HOST = "$(BUILT_PRODUCTS_DIR)/Github Test2.app/Github Test2";
			};
			name = Release;
		};
		10D4992E1EDD24450072974F /* Debug */ = {
			isa = XCBuildConfiguration;
			buildSettings = {
				ALWAYS_EMBED_SWIFT_STANDARD_LIBRARIES = YES;
				INFOPLIST_FILE = "Github Test2UITests/Info.plist";
				LD_RUNPATH_SEARCH_PATHS = "$(inherited) @executable_path/Frameworks @loader_path/Frameworks";
				PRODUCT_BUNDLE_IDENTIFIER = "travel.Github-Test2UITests";
				PRODUCT_NAME = "$(TARGET_NAME)";
				SWIFT_VERSION = 3.0;
				TEST_TARGET_NAME = "Github Test2";
			};
			name = Debug;
		};
		10D4992F1EDD24450072974F /* Release */ = {
			isa = XCBuildConfiguration;
			buildSettings = {
				ALWAYS_EMBED_SWIFT_STANDARD_LIBRARIES = YES;
				INFOPLIST_FILE = "Github Test2UITests/Info.plist";
				LD_RUNPATH_SEARCH_PATHS = "$(inherited) @executable_path/Frameworks @loader_path/Frameworks";
				PRODUCT_BUNDLE_IDENTIFIER = "travel.Github-Test2UITests";
				PRODUCT_NAME = "$(TARGET_NAME)";
				SWIFT_VERSION = 3.0;
				TEST_TARGET_NAME = "Github Test2";
			};
			name = Release;
		};
/* End XCBuildConfiguration section */

/* Begin XCConfigurationList section */
		10D498FA1EDD24440072974F /* Build configuration list for PBXProject "Github Test2" */ = {
			isa = XCConfigurationList;
			buildConfigurations = (
				10D499251EDD24450072974F /* Debug */,
				10D499261EDD24450072974F /* Release */,
			);
			defaultConfigurationIsVisible = 0;
			defaultConfigurationName = Release;
		};
		10D499271EDD24450072974F /* Build configuration list for PBXNativeTarget "Github Test2" */ = {
			isa = XCConfigurationList;
			buildConfigurations = (
				10D499281EDD24450072974F /* Debug */,
				10D499291EDD24450072974F /* Release */,
			);
			defaultConfigurationIsVisible = 0;
		};
		10D4992A1EDD24450072974F /* Build configuration list for PBXNativeTarget "Github Test2Tests" */ = {
			isa = XCConfigurationList;
			buildConfigurations = (
				10D4992B1EDD24450072974F /* Debug */,
				10D4992C1EDD24450072974F /* Release */,
			);
			defaultConfigurationIsVisible = 0;
		};
		10D4992D1EDD24450072974F /* Build configuration list for PBXNativeTarget "Github Test2UITests" */ = {
			isa = XCConfigurationList;
			buildConfigurations = (
				10D4992E1EDD24450072974F /* Debug */,
				10D4992F1EDD24450072974F /* Release */,
			);
			defaultConfigurationIsVisible = 0;
		};
/* End XCConfigurationList section */
	};
	rootObject = 10D498F71EDD24440072974F /* Project object */;
}
